{
  "name": "WebMatrixExpressSite",
  "version": "0.2.0",
  "lockfileVersion": 3,
  "requires": true,
  "packages": {
    "": {
      "name": "WebMatrixExpressSite",
      "version": "0.2.0",
      "license": "Apache",
      "dependencies": {
        "express": "~3.1.0",
        "jade": "*"
      },
      "engines": {
        "node": "~0.10.0 || ~4.2.0"
      }
    },
    "node_modules/express": {
      "version": "3.1.0",
      "dependencies": {
        "buffer-crc32": "0.1.1",
        "commander": "0.6.1",
        "connect": "2.7.2",
        "cookie": "0.0.5",
        "cookie-signature": "0.0.1",
        "debug": "*",
        "fresh": "0.1.0",
        "methods": "0.0.1",
        "mkdirp": "0.3.3",
        "range-parser": "0.0.4",
        "send": "0.1.0"
      },
      "bin": {
        "express": "bin/express"
      },
      "engines": {
        "node": "*"
      }
    },
    "node_modules/express/node_modules/buffer-crc32": {
      "version": "0.1.1",
      "engines": {
        "node": "*"
      }
    },
    "node_modules/express/node_modules/commander": {
      "version": "0.6.1",
      "engines": {
        "node": ">= 0.4.x"
      }
    },
    "node_modules/express/node_modules/connect": {
      "version": "2.7.2",
      "dependencies": {
        "buffer-crc32": "0.1.1",
        "bytes": "0.1.0",
        "cookie": "0.0.5",
        "cookie-signature": "0.0.1",
        "debug": "*",
        "formidable": "1.0.11",
        "fresh": "0.1.0",
        "pause": "0.0.1",
        "qs": "0.5.1",
        "send": "0.1.0"
      },
      "engines": {
        "node": ">= 0.5.0"
      }
    },
    "node_modules/express/node_modules/connect/node_modules/bytes": {
      "version": "0.1.0"
    },
    "node_modules/express/node_modules/connect/node_modules/formidable": {
      "version": "1.0.11",
      "engines": {
        "node": "*"
      }
    },
    "node_modules/express/node_modules/connect/node_modules/pause": {
      "version": "0.0.1"
    },
    "node_modules/express/node_modules/connect/node_modules/qs": {
      "version": "0.5.1",
      "engines": {
        "node": "*"
      }
    },
    "node_modules/express/node_modules/cookie": {
      "version": "0.0.5",
      "engines": {
        "node": "*"
      }
    },
    "node_modules/express/node_modules/cookie-signature": {
      "version": "0.0.1"
    },
    "node_modules/express/node_modules/debug": {
      "version": "0.7.2",
      "engines": {
        "node": "*"
      }
    },
    "node_modules/express/node_modules/fresh": {
      "version": "0.1.0"
    },
    "node_modules/express/node_modules/methods": {
      "version": "0.0.1",
      "license": "MIT"
    },
    "node_modules/express/node_modules/mkdirp": {
      "version": "0.3.3",
      "license": "MIT/X11",
      "engines": {
        "node": "*"
      }
    },
    "node_modules/express/node_modules/range-parser": {
      "version": "0.0.4"
    },
    "node_modules/express/node_modules/send": {
      "version": "0.1.0",
      "dependencies": {
        "debug": "*",
        "fresh": "0.1.0",
        "mime": "1.2.6",
        "range-parser": "0.0.4"
      }
    },
    "node_modules/express/node_modules/send/node_modules/mime": {
      "version": "1.2.6"
    },
    "node_modules/jade": {
      "version": "0.28.1",
      "dependencies": {
        "coffee-script": "~1.4.0",
        "commander": "0.6.1",
        "mkdirp": "0.3.x"
      },
      "bin": {
        "jade": "bin/jade"
      }
    },
    "node_modules/jade/node_modules/coffee-script": {
      "version": "1.4.0",
      "bin": {
        "cake": "bin/cake",
        "coffee": "bin/coffee"
      },
      "engines": {
        "node": ">=0.4.0"
      }
    },
    "node_modules/jade/node_modules/commander": {
      "version": "0.6.1",
      "engines": {
        "node": ">= 0.4.x"
      }
    },
    "node_modules/jade/node_modules/mkdirp": {
      "version": "0.3.5",
      "license": "MIT"
    }
  }
}
